// !$*UTF8*$!
{
	archiveVersion = 1;
	classes = {
	};
	objectVersion = 46;
	objects = {

/* Begin PBXBuildFile section */
		7C9501B71D41C6BA000B28D6 /* IDViewController.m in Sources */ = {isa = PBXBuildFile; fileRef = 7C9501B61D41C6BA000B28D6 /* IDViewController.m */; };
		7CED7A841D45BF6100CAA76E /* medsci_sound.mp3 in Resources */ = {isa = PBXBuildFile; fileRef = 7CED7A831D45BF6100CAA76E /* medsci_sound.mp3 */; };
		7CFC5ED51D41BB3300F1668D /* main.m in Sources */ = {isa = PBXBuildFile; fileRef = 7CFC5ED41D41BB3300F1668D /* main.m */; };
		7CFC5ED81D41BB3300F1668D /* AppDelegate.m in Sources */ = {isa = PBXBuildFile; fileRef = 7CFC5ED71D41BB3300F1668D /* AppDelegate.m */; };
		7CFC5EDB1D41BB3300F1668D /* ViewController.m in Sources */ = {isa = PBXBuildFile; fileRef = 7CFC5EDA1D41BB3300F1668D /* ViewController.m */; };
		7CFC5EDE1D41BB3300F1668D /* Main.storyboard in Resources */ = {isa = PBXBuildFile; fileRef = 7CFC5EDC1D41BB3300F1668D /* Main.storyboard */; };
		7CFC5EE01D41BB3300F1668D /* Assets.xcassets in Resources */ = {isa = PBXBuildFile; fileRef = 7CFC5EDF1D41BB3300F1668D /* Assets.xcassets */; };
		7CFC5EE31D41BB3300F1668D /* LaunchScreen.storyboard in Resources */ = {isa = PBXBuildFile; fileRef = 7CFC5EE11D41BB3300F1668D /* LaunchScreen.storyboard */; };
		7CFC5EEE1D41BB3300F1668D /* UMTSDemoUITests.m in Sources */ = {isa = PBXBuildFile; fileRef = 7CFC5EED1D41BB3300F1668D /* UMTSDemoUITests.m */; };
		7CFC5EFB1D41BD3A00F1668D /* libUMessage_Sdk_1.3.0.a in Frameworks */ = {isa = PBXBuildFile; fileRef = 7CFC5EF91D41BD3A00F1668D /* libUMessage_Sdk_1.3.0.a */; };
		7CFC5EFD1D41BD8600F1668D /* libz.tbd in Frameworks */ = {isa = PBXBuildFile; fileRef = 7CFC5EFC1D41BD8600F1668D /* libz.tbd */; };
/* End PBXBuildFile section */

/* Begin PBXContainerItemProxy section */
		7CFC5EEA1D41BB3300F1668D /* PBXContainerItemProxy */ = {
			isa = PBXContainerItemProxy;
			containerPortal = 7CFC5EC81D41BB3200F1668D /* Project object */;
			proxyType = 1;
			remoteGlobalIDString = 7CFC5ECF1D41BB3200F1668D;
			remoteInfo = UMTSDemo;
		};
/* End PBXContainerItemProxy section */

/* Begin PBXFileReference section */
		7C9501B51D41C6BA000B28D6 /* IDViewController.h */ = {isa = PBXFileReference; fileEncoding = 4; lastKnownFileType = sourcecode.c.h; path = IDViewController.h; sourceTree = "<group>"; };
		7C9501B61D41C6BA000B28D6 /* IDViewController.m */ = {isa = PBXFileReference; fileEncoding = 4; lastKnownFileType = sourcecode.c.objc; path = IDViewController.m; sourceTree = "<group>"; };
		7CED7A831D45BF6100CAA76E /* medsci_sound.mp3 */ = {isa = PBXFileReference; lastKnownFileType = audio.mp3; path = medsci_sound.mp3; sourceTree = "<group>"; };
		7CFC5ED01D41BB3200F1668D /* UMTSDemo.app */ = {isa = PBXFileReference; explicitFileType = wrapper.application; includeInIndex = 0; path = UMTSDemo.app; sourceTree = BUILT_PRODUCTS_DIR; };
		7CFC5ED41D41BB3300F1668D /* main.m */ = {isa = PBXFileReference; lastKnownFileType = sourcecode.c.objc; path = main.m; sourceTree = "<group>"; };
		7CFC5ED61D41BB3300F1668D /* AppDelegate.h */ = {isa = PBXFileReference; lastKnownFileType = sourcecode.c.h; path = AppDelegate.h; sourceTree = "<group>"; };
		7CFC5ED71D41BB3300F1668D /* AppDelegate.m */ = {isa = PBXFileReference; lastKnownFileType = sourcecode.c.objc; path = AppDelegate.m; sourceTree = "<group>"; };
		7CFC5ED91D41BB3300F1668D /* ViewController.h */ = {isa = PBXFileReference; lastKnownFileType = sourcecode.c.h; path = ViewController.h; sourceTree = "<group>"; };
		7CFC5EDA1D41BB3300F1668D /* ViewController.m */ = {isa = PBXFileReference; lastKnownFileType = sourcecode.c.objc; path = ViewController.m; sourceTree = "<group>"; };
		7CFC5EDD1D41BB3300F1668D /* Base */ = {isa = PBXFileReference; lastKnownFileType = file.storyboard; name = Base; path = Base.lproj/Main.storyboard; sourceTree = "<group>"; };
		7CFC5EDF1D41BB3300F1668D /* Assets.xcassets */ = {isa = PBXFileReference; lastKnownFileType = folder.assetcatalog; path = Assets.xcassets; sourceTree = "<group>"; };
		7CFC5EE21D41BB3300F1668D /* Base */ = {isa = PBXFileReference; lastKnownFileType = file.storyboard; name = Base; path = Base.lproj/LaunchScreen.storyboard; sourceTree = "<group>"; };
		7CFC5EE41D41BB3300F1668D /* Info.plist */ = {isa = PBXFileReference; lastKnownFileType = text.plist.xml; path = Info.plist; sourceTree = "<group>"; };
		7CFC5EE91D41BB3300F1668D /* UMTSDemoUITests.xctest */ = {isa = PBXFileReference; explicitFileType = wrapper.cfbundle; includeInIndex = 0; path = UMTSDemoUITests.xctest; sourceTree = BUILT_PRODUCTS_DIR; };
		7CFC5EED1D41BB3300F1668D /* UMTSDemoUITests.m */ = {isa = PBXFileReference; lastKnownFileType = sourcecode.c.objc; path = UMTSDemoUITests.m; sourceTree = "<group>"; };
		7CFC5EEF1D41BB3300F1668D /* Info.plist */ = {isa = PBXFileReference; lastKnownFileType = text.plist.xml; path = Info.plist; sourceTree = "<group>"; };
		7CFC5EF91D41BD3A00F1668D /* libUMessage_Sdk_1.3.0.a */ = {isa = PBXFileReference; lastKnownFileType = archive.ar; path = libUMessage_Sdk_1.3.0.a; sourceTree = "<group>"; };
		7CFC5EFA1D41BD3A00F1668D /* UMessage.h */ = {isa = PBXFileReference; fileEncoding = 4; lastKnownFileType = sourcecode.c.h; path = UMessage.h; sourceTree = "<group>"; };
		7CFC5EFC1D41BD8600F1668D /* libz.tbd */ = {isa = PBXFileReference; lastKnownFileType = "sourcecode.text-based-dylib-definition"; name = libz.tbd; path = usr/lib/libz.tbd; sourceTree = SDKROOT; };
/* End PBXFileReference section */

/* Begin PBXFrameworksBuildPhase section */
		7CFC5ECD1D41BB3200F1668D /* Frameworks */ = {
			isa = PBXFrameworksBuildPhase;
			buildActionMask = 2147483647;
			files = (
				7CFC5EFD1D41BD8600F1668D /* libz.tbd in Frameworks */,
				7CFC5EFB1D41BD3A00F1668D /* libUMessage_Sdk_1.3.0.a in Frameworks */,
			);
			runOnlyForDeploymentPostprocessing = 0;
		};
		7CFC5EE61D41BB3300F1668D /* Frameworks */ = {
			isa = PBXFrameworksBuildPhase;
			buildActionMask = 2147483647;
			files = (
			);
			runOnlyForDeploymentPostprocessing = 0;
		};
/* End PBXFrameworksBuildPhase section */

/* Begin PBXGroup section */
		7CFC5EC71D41BB3200F1668D = {
			isa = PBXGroup;
			children = (
				7CFC5EFC1D41BD8600F1668D /* libz.tbd */,
				7CFC5ED21D41BB3200F1668D /* UMTSDemo */,
				7CFC5EEC1D41BB3300F1668D /* UMTSDemoUITests */,
				7CFC5ED11D41BB3200F1668D /* Products */,
			);
			sourceTree = "<group>";
		};
		7CFC5ED11D41BB3200F1668D /* Products */ = {
			isa = PBXGroup;
			children = (
				7CFC5ED01D41BB3200F1668D /* UMTSDemo.app */,
				7CFC5EE91D41BB3300F1668D /* UMTSDemoUITests.xctest */,
			);
			name = Products;
			sourceTree = "<group>";
		};
		7CFC5ED21D41BB3200F1668D /* UMTSDemo */ = {
			isa = PBXGroup;
			children = (
				7CFC5EF81D41BD3A00F1668D /* UMessage_Sdk_1.3.0 */,
				7CFC5ED61D41BB3300F1668D /* AppDelegate.h */,
				7CFC5ED71D41BB3300F1668D /* AppDelegate.m */,
				7CED7A831D45BF6100CAA76E /* medsci_sound.mp3 */,
				7CFC5ED91D41BB3300F1668D /* ViewController.h */,
				7CFC5EDA1D41BB3300F1668D /* ViewController.m */,
				7C9501B51D41C6BA000B28D6 /* IDViewController.h */,
				7C9501B61D41C6BA000B28D6 /* IDViewController.m */,
				7CFC5EDC1D41BB3300F1668D /* Main.storyboard */,
				7CFC5EDF1D41BB3300F1668D /* Assets.xcassets */,
				7CFC5EE11D41BB3300F1668D /* LaunchScreen.storyboard */,
				7CFC5EE41D41BB3300F1668D /* Info.plist */,
				7CFC5ED31D41BB3200F1668D /* Supporting Files */,
			);
			path = UMTSDemo;
			sourceTree = "<group>";
		};
		7CFC5ED31D41BB3200F1668D /* Supporting Files */ = {
			isa = PBXGroup;
			children = (
				7CFC5ED41D41BB3300F1668D /* main.m */,
			);
			name = "Supporting Files";
			sourceTree = "<group>";
		};
		7CFC5EEC1D41BB3300F1668D /* UMTSDemoUITests */ = {
			isa = PBXGroup;
			children = (
				7CFC5EED1D41BB3300F1668D /* UMTSDemoUITests.m */,
				7CFC5EEF1D41BB3300F1668D /* Info.plist */,
			);
			path = UMTSDemoUITests;
			sourceTree = "<group>";
		};
		7CFC5EF81D41BD3A00F1668D /* UMessage_Sdk_1.3.0 */ = {
			isa = PBXGroup;
			children = (
				7CFC5EF91D41BD3A00F1668D /* libUMessage_Sdk_1.3.0.a */,
				7CFC5EFA1D41BD3A00F1668D /* UMessage.h */,
			);
			path = UMessage_Sdk_1.3.0;
			sourceTree = "<group>";
		};
/* End PBXGroup section */

/* Begin PBXNativeTarget section */
		7CFC5ECF1D41BB3200F1668D /* UMTSDemo */ = {
			isa = PBXNativeTarget;
			buildConfigurationList = 7CFC5EF21D41BB3300F1668D /* Build configuration list for PBXNativeTarget "UMTSDemo" */;
			buildPhases = (
				7CFC5ECC1D41BB3200F1668D /* Sources */,
				7CFC5ECD1D41BB3200F1668D /* Frameworks */,
				7CFC5ECE1D41BB3200F1668D /* Resources */,
			);
			buildRules = (
			);
			dependencies = (
			);
			name = UMTSDemo;
			productName = UMTSDemo;
			productReference = 7CFC5ED01D41BB3200F1668D /* UMTSDemo.app */;
			productType = "com.apple.product-type.application";
		};
		7CFC5EE81D41BB3300F1668D /* UMTSDemoUITests */ = {
			isa = PBXNativeTarget;
			buildConfigurationList = 7CFC5EF51D41BB3300F1668D /* Build configuration list for PBXNativeTarget "UMTSDemoUITests" */;
			buildPhases = (
				7CFC5EE51D41BB3300F1668D /* Sources */,
				7CFC5EE61D41BB3300F1668D /* Frameworks */,
				7CFC5EE71D41BB3300F1668D /* Resources */,
			);
			buildRules = (
			);
			dependencies = (
				7CFC5EEB1D41BB3300F1668D /* PBXTargetDependency */,
			);
			name = UMTSDemoUITests;
			productName = UMTSDemoUITests;
			productReference = 7CFC5EE91D41BB3300F1668D /* UMTSDemoUITests.xctest */;
			productType = "com.apple.product-type.bundle.ui-testing";
		};
/* End PBXNativeTarget section */

/* Begin PBXProject section */
		7CFC5EC81D41BB3200F1668D /* Project object */ = {
			isa = PBXProject;
			attributes = {
				LastUpgradeCheck = 0730;
				ORGANIZATIONNAME = "牛高航";
				TargetAttributes = {
					7CFC5ECF1D41BB3200F1668D = {
						CreatedOnToolsVersion = 7.3.1;
					};
					7CFC5EE81D41BB3300F1668D = {
						CreatedOnToolsVersion = 7.3.1;
						TestTargetID = 7CFC5ECF1D41BB3200F1668D;
					};
				};
			};
			buildConfigurationList = 7CFC5ECB1D41BB3200F1668D /* Build configuration list for PBXProject "UMTSDemo" */;
			compatibilityVersion = "Xcode 3.2";
			developmentRegion = English;
			hasScannedForEncodings = 0;
			knownRegions = (
				en,
				Base,
			);
			mainGroup = 7CFC5EC71D41BB3200F1668D;
			productRefGroup = 7CFC5ED11D41BB3200F1668D /* Products */;
			projectDirPath = "";
			projectRoot = "";
			targets = (
				7CFC5ECF1D41BB3200F1668D /* UMTSDemo */,
				7CFC5EE81D41BB3300F1668D /* UMTSDemoUITests */,
			);
		};
/* End PBXProject section */

/* Begin PBXResourcesBuildPhase section */
		7CFC5ECE1D41BB3200F1668D /* Resources */ = {
			isa = PBXResourcesBuildPhase;
			buildActionMask = 2147483647;
			files = (
				7CFC5EE31D41BB3300F1668D /* LaunchScreen.storyboard in Resources */,
				7CFC5EE01D41BB3300F1668D /* Assets.xcassets in Resources */,
				7CFC5EDE1D41BB3300F1668D /* Main.storyboard in Resources */,
				7CED7A841D45BF6100CAA76E /* medsci_sound.mp3 in Resources */,
			);
			runOnlyForDeploymentPostprocessing = 0;
		};
		7CFC5EE71D41BB3300F1668D /* Resources */ = {
			isa = PBXResourcesBuildPhase;
			buildActionMask = 2147483647;
			files = (
			);
			runOnlyForDeploymentPostprocessing = 0;
		};
/* End PBXResourcesBuildPhase section */

/* Begin PBXSourcesBuildPhase section */
		7CFC5ECC1D41BB3200F1668D /* Sources */ = {
			isa = PBXSourcesBuildPhase;
			buildActionMask = 2147483647;
			files = (
				7CFC5EDB1D41BB3300F1668D /* ViewController.m in Sources */,
				7C9501B71D41C6BA000B28D6 /* IDViewController.m in Sources */,
				7CFC5ED81D41BB3300F1668D /* AppDelegate.m in Sources */,
				7CFC5ED51D41BB3300F1668D /* main.m in Sources */,
			);
			runOnlyForDeploymentPostprocessing = 0;
		};
		7CFC5EE51D41BB3300F1668D /* Sources */ = {
			isa = PBXSourcesBuildPhase;
			buildActionMask = 2147483647;
			files = (
				7CFC5EEE1D41BB3300F1668D /* UMTSDemoUITests.m in Sources */,
			);
			runOnlyForDeploymentPostprocessing = 0;
		};
/* End PBXSourcesBuildPhase section */

/* Begin PBXTargetDependency section */
		7CFC5EEB1D41BB3300F1668D /* PBXTargetDependency */ = {
			isa = PBXTargetDependency;
			target = 7CFC5ECF1D41BB3200F1668D /* UMTSDemo */;
			targetProxy = 7CFC5EEA1D41BB3300F1668D /* PBXContainerItemProxy */;
		};
/* End PBXTargetDependency section */

/* Begin PBXVariantGroup section */
		7CFC5EDC1D41BB3300F1668D /* Main.storyboard */ = {
			isa = PBXVariantGroup;
			children = (
				7CFC5EDD1D41BB3300F1668D /* Base */,
			);
			name = Main.storyboard;
			sourceTree = "<group>";
		};
		7CFC5EE11D41BB3300F1668D /* LaunchScreen.storyboard */ = {
			isa = PBXVariantGroup;
			children = (
				7CFC5EE21D41BB3300F1668D /* Base */,
			);
			name = LaunchScreen.storyboard;
			sourceTree = "<group>";
		};
/* End PBXVariantGroup section */

/* Begin XCBuildConfiguration section */
		7CFC5EF01D41BB3300F1668D /* Debug */ = {
			isa = XCBuildConfiguration;
			buildSettings = {
				ALWAYS_SEARCH_USER_PATHS = NO;
				CLANG_ANALYZER_NONNULL = YES;
				CLANG_CXX_LANGUAGE_STANDARD = "gnu++0x";
				CLANG_CXX_LIBRARY = "libc++";
				CLANG_ENABLE_MODULES = YES;
				CLANG_ENABLE_OBJC_ARC = YES;
				CLANG_WARN_BOOL_CONVERSION = YES;
				CLANG_WARN_CONSTANT_CONVERSION = YES;
				CLANG_WARN_DIRECT_OBJC_ISA_USAGE = YES_ERROR;
				CLANG_WARN_EMPTY_BODY = YES;
				CLANG_WARN_ENUM_CONVERSION = YES;
				CLANG_WARN_INT_CONVERSION = YES;
				CLANG_WARN_OBJC_ROOT_CLASS = YES_ERROR;
				CLANG_WARN_UNREACHABLE_CODE = YES;
				CLANG_WARN__DUPLICATE_METHOD_MATCH = YES;
				"CODE_SIGN_IDENTITY[sdk=iphoneos*]" = "iPhone Developer";
				COPY_PHASE_STRIP = NO;
				DEBUG_INFORMATION_FORMAT = dwarf;
				ENABLE_STRICT_OBJC_MSGSEND = YES;
				ENABLE_TESTABILITY = YES;
				GCC_C_LANGUAGE_STANDARD = gnu99;
				GCC_DYNAMIC_NO_PIC = NO;
				GCC_NO_COMMON_BLOCKS = YES;
				GCC_OPTIMIZATION_LEVEL = 0;
				GCC_PREPROCESSOR_DEFINITIONS = (
					"DEBUG=1",
					"$(inherited)",
				);
				GCC_WARN_64_TO_32_BIT_CONVERSION = YES;
				GCC_WARN_ABOUT_RETURN_TYPE = YES_ERROR;
				GCC_WARN_UNDECLARED_SELECTOR = YES;
				GCC_WARN_UNINITIALIZED_AUTOS = YES_AGGRESSIVE;
				GCC_WARN_UNUSED_FUNCTION = YES;
				GCC_WARN_UNUSED_VARIABLE = YES;
				IPHONEOS_DEPLOYMENT_TARGET = 9.3;
				MTL_ENABLE_DEBUG_INFO = YES;
				ONLY_ACTIVE_ARCH = YES;
				PROVISIONING_PROFILE = "";
				SDKROOT = iphoneos;
			};
			name = Debug;
		};
		7CFC5EF11D41BB3300F1668D /* Release */ = {
			isa = XCBuildConfiguration;
			buildSettings = {
				ALWAYS_SEARCH_USER_PATHS = NO;
				CLANG_ANALYZER_NONNULL = YES;
				CLANG_CXX_LANGUAGE_STANDARD = "gnu++0x";
				CLANG_CXX_LIBRARY = "libc++";
				CLANG_ENABLE_MODULES = YES;
				CLANG_ENABLE_OBJC_ARC = YES;
				CLANG_WARN_BOOL_CONVERSION = YES;
				CLANG_WARN_CONSTANT_CONVERSION = YES;
				CLANG_WARN_DIRECT_OBJC_ISA_USAGE = YES_ERROR;
				CLANG_WARN_EMPTY_BODY = YES;
				CLANG_WARN_ENUM_CONVERSION = YES;
				CLANG_WARN_INT_CONVERSION = YES;
				CLANG_WARN_OBJC_ROOT_CLASS = YES_ERROR;
				CLANG_WARN_UNREACHABLE_CODE = YES;
				CLANG_WARN__DUPLICATE_METHOD_MATCH = YES;
				"CODE_SIGN_IDENTITY[sdk=iphoneos*]" = "iPhone Developer";
				COPY_PHASE_STRIP = NO;
				DEBUG_INFORMATION_FORMAT = "dwarf-with-dsym";
				ENABLE_NS_ASSERTIONS = NO;
				ENABLE_STRICT_OBJC_MSGSEND = YES;
				GCC_C_LANGUAGE_STANDARD = gnu99;
				GCC_NO_COMMON_BLOCKS = YES;
				GCC_WARN_64_TO_32_BIT_CONVERSION = YES;
				GCC_WARN_ABOUT_RETURN_TYPE = YES_ERROR;
				GCC_WARN_UNDECLARED_SELECTOR = YES;
				GCC_WARN_UNINITIALIZED_AUTOS = YES_AGGRESSIVE;
				GCC_WARN_UNUSED_FUNCTION = YES;
				GCC_WARN_UNUSED_VARIABLE = YES;
				IPHONEOS_DEPLOYMENT_TARGET = 9.3;
				MTL_ENABLE_DEBUG_INFO = NO;
				PROVISIONING_PROFILE = "";
				SDKROOT = iphoneos;
				VALIDATE_PRODUCT = YES;
			};
			name = Release;
		};
		7CFC5EF31D41BB3300F1668D /* Debug */ = {
			isa = XCBuildConfiguration;
			buildSettings = {
				ASSETCATALOG_COMPILER_APPICON_NAME = AppIcon;
				CODE_SIGN_IDENTITY = "iPhone Developer";
				INFOPLIST_FILE = UMTSDemo/Info.plist;
				IPHONEOS_DEPLOYMENT_TARGET = 8.0;
				LD_RUNPATH_SEARCH_PATHS = "$(inherited) @executable_path/Frameworks";
				LIBRARY_SEARCH_PATHS = (
					"$(inherited)",
					"$(PROJECT_DIR)/UMTSDemo/UMessage_Sdk_1.3.0",
				);
				PRODUCT_BUNDLE_IDENTIFIER = cn.UMTSDemo.text;
				PRODUCT_NAME = "$(TARGET_NAME)";
				PROVISIONING_PROFILE = "";
			};
			name = Debug;
		};
		7CFC5EF41D41BB3300F1668D /* Release */ = {
			isa = XCBuildConfiguration;
			buildSettings = {
				ASSETCATALOG_COMPILER_APPICON_NAME = AppIcon;
				CODE_SIGN_IDENTITY = "iPhone Developer";
				INFOPLIST_FILE = UMTSDemo/Info.plist;
				IPHONEOS_DEPLOYMENT_TARGET = 8.0;
				LD_RUNPATH_SEARCH_PATHS = "$(inherited) @executable_path/Frameworks";
				LIBRARY_SEARCH_PATHS = (
					"$(inherited)",
					"$(PROJECT_DIR)/UMTSDemo/UMessage_Sdk_1.3.0",
				);
				PRODUCT_BUNDLE_IDENTIFIER = cn.UMTSDemo.text;
				PRODUCT_NAME = "$(TARGET_NAME)";
				PROVISIONING_PROFILE = "";
			};
			name = Release;
		};
		7CFC5EF61D41BB3300F1668D /* Debug */ = {
			isa = XCBuildConfiguration;
			buildSettings = {
				INFOPLIST_FILE = UMTSDemoUITests/Info.plist;
				LD_RUNPATH_SEARCH_PATHS = "$(inherited) @executable_path/Frameworks @loader_path/Frameworks";
				PRODUCT_BUNDLE_IDENTIFIER = cn.medsci.demo.UMTSDemoUITests;
				PRODUCT_NAME = "$(TARGET_NAME)";
				PROVISIONING_PROFILE = "";
				TEST_TARGET_NAME = UMTSDemo;
			};
			name = Debug;
		};
		7CFC5EF71D41BB3300F1668D /* Release */ = {
			isa = XCBuildConfiguration;
			buildSettings = {
				INFOPLIST_FILE = UMTSDemoUITests/Info.plist;
				LD_RUNPATH_SEARCH_PATHS = "$(inherited) @executable_path/Frameworks @loader_path/Frameworks";
				PRODUCT_BUNDLE_IDENTIFIER = cn.medsci.demo.UMTSDemoUITests;
				PRODUCT_NAME = "$(TARGET_NAME)";
				PROVISIONING_PROFILE = "";
				TEST_TARGET_NAME = UMTSDemo;
			};
			name = Release;
		};
/* End XCBuildConfiguration section */

/* Begin XCConfigurationList section */
		7CFC5ECB1D41BB3200F1668D /* Build configuration list for PBXProject "UMTSDemo" */ = {
			isa = XCConfigurationList;
			buildConfigurations = (
				7CFC5EF01D41BB3300F1668D /* Debug */,
				7CFC5EF11D41BB3300F1668D /* Release */,
			);
			defaultConfigurationIsVisible = 0;
			defaultConfigurationName = Release;
		};
		7CFC5EF21D41BB3300F1668D /* Build configuration list for PBXNativeTarget "UMTSDemo" */ = {
			isa = XCConfigurationList;
			buildConfigurations = (
				7CFC5EF31D41BB3300F1668D /* Debug */,
				7CFC5EF41D41BB3300F1668D /* Release */,
			);
			defaultConfigurationIsVisible = 0;
			defaultConfigurationName = Release;
		};
		7CFC5EF51D41BB3300F1668D /* Build configuration list for PBXNativeTarget "UMTSDemoUITests" */ = {
			isa = XCConfigurationList;
			buildConfigurations = (
				7CFC5EF61D41BB3300F1668D /* Debug */,
				7CFC5EF71D41BB3300F1668D /* Release */,
			);
			defaultConfigurationIsVisible = 0;
			defaultConfigurationName = Release;
		};
/* End XCConfigurationList section */
	};
	rootObject = 7CFC5EC81D41BB3200F1668D /* Project object */;
}
